
Microsoft Visual Studio Solution File, Format Version 12.00
# Visual Studio Version 17
VisualStudioVersion = 17.13.35931.197 d17.13
MinimumVisualStudioVersion = 10.0.40219.1
Project("{FAE04EC0-301F-11D3-BF4B-00C04F79EFBC}") = "SME_API_Econtract", "SME_API_Econtract\SME_API_Econtract.csproj", "{95877DEA-69B2-4A11-9D58-044F2AF7C91E}"
EndProject
Global
	GlobalSection(SolutionConfigurationPlatforms) = preSolution
		Debug|Any CPU = Debug|Any CPU
		Release|Any CPU = Release|Any CPU
	EndGlobalSection
	GlobalSection(ProjectConfigurationPlatforms) = postSolution
		{95877DEA-69B2-4A11-9D58-044F2AF7C91E}.Debug|Any CPU.ActiveCfg = Debug|Any CPU
		{95877DEA-69B2-4A11-9D58-044F2AF7C91E}.Debug|Any CPU.Build.0 = Debug|Any CPU
		{95877DEA-69B2-4A11-9D58-044F2AF7C91E}.Release|Any CPU.ActiveCfg = Release|Any CPU
		{95877DEA-69B2-4A11-9D58-044F2AF7C91E}.Release|Any CPU.Build.0 = Release|Any CPU
	EndGlobalSection
	GlobalSection(SolutionProperties) = preSolution
		HideSolutionNode = FALSE
	EndGlobalSection
	GlobalSection(ExtensibilityGlobals) = postSolution
		SolutionGuid = {6C133329-E47B-453F-B4A1-0AED5523710A}
	EndGlobalSection
EndGlobal
